
Microsoft Visual Studio Solution File, Format Version 12.00
# Visual Studio Version 16
VisualStudioVersion = 16.0.31129.286
MinimumVisualStudioVersion = 10.0.40219.1
Project("{F184B08F-C81C-45F6-A57F-5ABD9991F28F}") = "GameJoltAPI", "GameJoltAPI\GameJoltAPI.vbproj", "{ED96EFFD-8FCA-4455-8B00-CF5C11EFAB1D}"
EndProject
Project("{F184B08F-C81C-45F6-A57F-5ABD9991F28F}") = "SignatureGen", "SignatureGen\SignatureGen.vbproj", "{463F9A52-CF65-4DF4-87AD-927A0A1988A2}"
EndProject
Project("{F184B08F-C81C-45F6-A57F-5ABD9991F28F}") = "TestAPI", "TestAPI\TestAPI.vbproj", "{A2A12698-15C1-4D4C-896C-237D1EE76EFF}"
EndProject
Project("{FAE04EC0-301F-11D3-BF4B-00C04F79EFBC}") = "TestAPI-CS", "TestAPI-CS\TestAPI-CS.csproj", "{720E5245-14DF-444C-989C-5679F3989E7F}"
EndProject
Project("{2150E333-8FDC-42A3-9474-1A3956D46DE8}") = "Solution Items", "Solution Items", "{336C046D-23F7-4451-BA6B-652F50F331E9}"
	ProjectSection(SolutionItems) = preProject
		Credits.txt = Credits.txt
	EndProjectSection
EndProject
Project("{F184B08F-C81C-45F6-A57F-5ABD9991F28F}") = "TestAPI-APP", "TestAPI-APP\TestAPI-APP.vbproj", "{E191239E-53BB-4477-985F-B914A6D68E67}"
EndProject
Global
	GlobalSection(SolutionConfigurationPlatforms) = preSolution
		Debug|Any CPU = Debug|Any CPU
		Release|Any CPU = Release|Any CPU
	EndGlobalSection
	GlobalSection(ProjectConfigurationPlatforms) = postSolution
		{ED96EFFD-8FCA-4455-8B00-CF5C11EFAB1D}.Debug|Any CPU.ActiveCfg = Debug|Any CPU
		{ED96EFFD-8FCA-4455-8B00-CF5C11EFAB1D}.Debug|Any CPU.Build.0 = Debug|Any CPU
		{ED96EFFD-8FCA-4455-8B00-CF5C11EFAB1D}.Release|Any CPU.ActiveCfg = Release|Any CPU
		{ED96EFFD-8FCA-4455-8B00-CF5C11EFAB1D}.Release|Any CPU.Build.0 = Release|Any CPU
		{463F9A52-CF65-4DF4-87AD-927A0A1988A2}.Debug|Any CPU.ActiveCfg = Debug|Any CPU
		{463F9A52-CF65-4DF4-87AD-927A0A1988A2}.Debug|Any CPU.Build.0 = Debug|Any CPU
		{463F9A52-CF65-4DF4-87AD-927A0A1988A2}.Release|Any CPU.ActiveCfg = Release|Any CPU
		{463F9A52-CF65-4DF4-87AD-927A0A1988A2}.Release|Any CPU.Build.0 = Release|Any CPU
		{A2A12698-15C1-4D4C-896C-237D1EE76EFF}.Debug|Any CPU.ActiveCfg = Debug|Any CPU
		{A2A12698-15C1-4D4C-896C-237D1EE76EFF}.Debug|Any CPU.Build.0 = Debug|Any CPU
		{A2A12698-15C1-4D4C-896C-237D1EE76EFF}.Release|Any CPU.ActiveCfg = Release|Any CPU
		{A2A12698-15C1-4D4C-896C-237D1EE76EFF}.Release|Any CPU.Build.0 = Release|Any CPU
		{720E5245-14DF-444C-989C-5679F3989E7F}.Debug|Any CPU.ActiveCfg = Debug|Any CPU
		{720E5245-14DF-444C-989C-5679F3989E7F}.Debug|Any CPU.Build.0 = Debug|Any CPU
		{720E5245-14DF-444C-989C-5679F3989E7F}.Release|Any CPU.ActiveCfg = Release|Any CPU
		{720E5245-14DF-444C-989C-5679F3989E7F}.Release|Any CPU.Build.0 = Release|Any CPU
		{E191239E-53BB-4477-985F-B914A6D68E67}.Debug|Any CPU.ActiveCfg = Debug|Any CPU
		{E191239E-53BB-4477-985F-B914A6D68E67}.Debug|Any CPU.Build.0 = Debug|Any CPU
		{E191239E-53BB-4477-985F-B914A6D68E67}.Release|Any CPU.ActiveCfg = Release|Any CPU
		{E191239E-53BB-4477-985F-B914A6D68E67}.Release|Any CPU.Build.0 = Release|Any CPU
	EndGlobalSection
	GlobalSection(SolutionProperties) = preSolution
		HideSolutionNode = FALSE
	EndGlobalSection
	GlobalSection(ExtensibilityGlobals) = postSolution
		SolutionGuid = {359E1E0F-7044-47F7-AF01-6AAB41385FF0}
	EndGlobalSection
EndGlobal
